
Microsoft Visual Studio Solution File, Format Version 12.00
# Visual Studio Version 16
VisualStudioVersion = 16.0.31005.135
MinimumVisualStudioVersion = 10.0.40219.1
Project("{FAE04EC0-301F-11D3-BF4B-00C04F79EFBC}") = "CollectionUsage", "CollectionUsage\CollectionUsage.csproj", "{CDDC6791-9726-43D6-857D-E873AFF75D1E}"
EndProject
Global
	GlobalSection(SolutionConfigurationPlatforms) = preSolution
		Debug|Any CPU = Debug|Any CPU
		Release|Any CPU = Release|Any CPU
	EndGlobalSection
	GlobalSection(ProjectConfigurationPlatforms) = postSolution
		{CDDC6791-9726-43D6-857D-E873AFF75D1E}.Debug|Any CPU.ActiveCfg = Debug|Any CPU
		{CDDC6791-9726-43D6-857D-E873AFF75D1E}.Debug|Any CPU.Build.0 = Debug|Any CPU
		{CDDC6791-9726-43D6-857D-E873AFF75D1E}.Release|Any CPU.ActiveCfg = Release|Any CPU
		{CDDC6791-9726-43D6-857D-E873AFF75D1E}.Release|Any CPU.Build.0 = Release|Any CPU
	EndGlobalSection
	GlobalSection(SolutionProperties) = preSolution
		HideSolutionNode = FALSE
	EndGlobalSection
	GlobalSection(ExtensibilityGlobals) = postSolution
		SolutionGuid = {4DD5C45C-D86D-4E8A-A98F-EFFBCE804464}
	EndGlobalSection
EndGlobal
